
Microsoft Visual Studio Solution File, Format Version 12.00
# Visual Studio Version 16
VisualStudioVersion = 16.0.30114.105
MinimumVisualStudioVersion = 10.0.40219.1
Project("{FAE04EC0-301F-11D3-BF4B-00C04F79EFBC}") = "online-shop.Core", "Core\online-shop.Core.csproj", "{EFE2DEAC-02F7-4021-A773-04BAF64E0419}"
EndProject
Project("{FAE04EC0-301F-11D3-BF4B-00C04F79EFBC}") = "online-shop.Server", "Server\online-shop.Server.csproj", "{67CA7522-7A1E-4993-ABBC-2274D6478654}"
EndProject
Project("{FAE04EC0-301F-11D3-BF4B-00C04F79EFBC}") = "online-shop.Client", "Client\online-shop.Client.csproj", "{C0818BE0-70AA-46AE-B8A7-CBE514A7D4A4}"
EndProject
Global
	GlobalSection(SolutionConfigurationPlatforms) = preSolution
		Debug|Any CPU = Debug|Any CPU
		Release|Any CPU = Release|Any CPU
	EndGlobalSection
	GlobalSection(SolutionProperties) = preSolution
		HideSolutionNode = FALSE
	EndGlobalSection
	GlobalSection(ProjectConfigurationPlatforms) = postSolution
		{EFE2DEAC-02F7-4021-A773-04BAF64E0419}.Debug|Any CPU.ActiveCfg = Debug|Any CPU
		{EFE2DEAC-02F7-4021-A773-04BAF64E0419}.Debug|Any CPU.Build.0 = Debug|Any CPU
		{EFE2DEAC-02F7-4021-A773-04BAF64E0419}.Release|Any CPU.ActiveCfg = Release|Any CPU
		{EFE2DEAC-02F7-4021-A773-04BAF64E0419}.Release|Any CPU.Build.0 = Release|Any CPU
		{67CA7522-7A1E-4993-ABBC-2274D6478654}.Debug|Any CPU.ActiveCfg = Debug|Any CPU
		{67CA7522-7A1E-4993-ABBC-2274D6478654}.Debug|Any CPU.Build.0 = Debug|Any CPU
		{67CA7522-7A1E-4993-ABBC-2274D6478654}.Release|Any CPU.ActiveCfg = Release|Any CPU
		{67CA7522-7A1E-4993-ABBC-2274D6478654}.Release|Any CPU.Build.0 = Release|Any CPU
		{C0818BE0-70AA-46AE-B8A7-CBE514A7D4A4}.Debug|Any CPU.ActiveCfg = Debug|Any CPU
		{C0818BE0-70AA-46AE-B8A7-CBE514A7D4A4}.Debug|Any CPU.Build.0 = Debug|Any CPU
		{C0818BE0-70AA-46AE-B8A7-CBE514A7D4A4}.Release|Any CPU.ActiveCfg = Release|Any CPU
		{C0818BE0-70AA-46AE-B8A7-CBE514A7D4A4}.Release|Any CPU.Build.0 = Release|Any CPU
	EndGlobalSection
EndGlobal
